
Microsoft Visual Studio Solution File, Format Version 12.00
# Visual Studio 14
VisualStudioVersion = 14.0.25420.1
MinimumVisualStudioVersion = 10.0.40219.1
Project("{FAE04EC0-301F-11D3-BF4B-00C04F79EFBC}") = "MvxAndXamForms.Droid", "MvxAndXamForms\MvxAndXamForms.Droid\MvxAndXamForms.Droid.csproj", "{FB2444D7-D32D-4E30-B05B-6C75870843D4}"
EndProject
Project("{FAE04EC0-301F-11D3-BF4B-00C04F79EFBC}") = "MvxAndXamForms.Core", "MvxAndXamForms\MvxAndXamForms.Core\MvxAndXamForms.Core.csproj", "{37534FE9-5CC8-4197-9906-5CB7D3EAC54D}"
EndProject
Project("{FAE04EC0-301F-11D3-BF4B-00C04F79EFBC}") = "MvxAndXamForms.iOS", "MvxAndXamForms\MvxAndXamForms.iOS\MvxAndXamForms.iOS.csproj", "{44DA89B4-A966-4ACC-BE5F-DE31D4E86464}"
EndProject
Project("{FAE04EC0-301F-11D3-BF4B-00C04F79EFBC}") = "MvxAndXamForms.UWP", "MvxAndXamForms\MvxAndXamForms.UWP\MvxAndXamForms.UWP.csproj", "{BB62546A-A9A1-45AF-B011-5C182F7CF840}"
EndProject
Project("{FAE04EC0-301F-11D3-BF4B-00C04F79EFBC}") = "MvxAndXamForms.WPF", "MvxAndXamForms\MvxAndXamForms.WPF\MvxAndXamForms.WPF.csproj", "{95413601-EBE2-44E1-ACBD-55861C7B1CAD}"
EndProject
Global
	GlobalSection(SolutionConfigurationPlatforms) = preSolution
		Ad-Hoc|Any CPU = Ad-Hoc|Any CPU
		Ad-Hoc|ARM = Ad-Hoc|ARM
		Ad-Hoc|iPhone = Ad-Hoc|iPhone
		Ad-Hoc|iPhoneSimulator = Ad-Hoc|iPhoneSimulator
		Ad-Hoc|x64 = Ad-Hoc|x64
		Ad-Hoc|x86 = Ad-Hoc|x86
		AppStore|Any CPU = AppStore|Any CPU
		AppStore|ARM = AppStore|ARM
		AppStore|iPhone = AppStore|iPhone
		AppStore|iPhoneSimulator = AppStore|iPhoneSimulator
		AppStore|x64 = AppStore|x64
		AppStore|x86 = AppStore|x86
		Debug|Any CPU = Debug|Any CPU
		Debug|ARM = Debug|ARM
		Debug|iPhone = Debug|iPhone
		Debug|iPhoneSimulator = Debug|iPhoneSimulator
		Debug|x64 = Debug|x64
		Debug|x86 = Debug|x86
		Release|Any CPU = Release|Any CPU
		Release|ARM = Release|ARM
		Release|iPhone = Release|iPhone
		Release|iPhoneSimulator = Release|iPhoneSimulator
		Release|x64 = Release|x64
		Release|x86 = Release|x86
	EndGlobalSection
	GlobalSection(ProjectConfigurationPlatforms) = postSolution
		{FB2444D7-D32D-4E30-B05B-6C75870843D4}.Ad-Hoc|Any CPU.ActiveCfg = Release|Any CPU
		{FB2444D7-D32D-4E30-B05B-6C75870843D4}.Ad-Hoc|Any CPU.Build.0 = Release|Any CPU
		{FB2444D7-D32D-4E30-B05B-6C75870843D4}.Ad-Hoc|Any CPU.Deploy.0 = Release|Any CPU
		{FB2444D7-D32D-4E30-B05B-6C75870843D4}.Ad-Hoc|ARM.ActiveCfg = Release|Any CPU
		{FB2444D7-D32D-4E30-B05B-6C75870843D4}.Ad-Hoc|ARM.Build.0 = Release|Any CPU
		{FB2444D7-D32D-4E30-B05B-6C75870843D4}.Ad-Hoc|ARM.Deploy.0 = Release|Any CPU
		{FB2444D7-D32D-4E30-B05B-6C75870843D4}.Ad-Hoc|iPhone.ActiveCfg = Release|Any CPU
		{FB2444D7-D32D-4E30-B05B-6C75870843D4}.Ad-Hoc|iPhone.Build.0 = Release|Any CPU
		{FB2444D7-D32D-4E30-B05B-6C75870843D4}.Ad-Hoc|iPhone.Deploy.0 = Release|Any CPU
		{FB2444D7-D32D-4E30-B05B-6C75870843D4}.Ad-Hoc|iPhoneSimulator.ActiveCfg = Release|Any CPU
		{FB2444D7-D32D-4E30-B05B-6C75870843D4}.Ad-Hoc|iPhoneSimulator.Build.0 = Release|Any CPU
		{FB2444D7-D32D-4E30-B05B-6C75870843D4}.Ad-Hoc|iPhoneSimulator.Deploy.0 = Release|Any CPU
		{FB2444D7-D32D-4E30-B05B-6C75870843D4}.Ad-Hoc|x64.ActiveCfg = Release|Any CPU
		{FB2444D7-D32D-4E30-B05B-6C75870843D4}.Ad-Hoc|x64.Build.0 = Release|Any CPU
		{FB2444D7-D32D-4E30-B05B-6C75870843D4}.Ad-Hoc|x64.Deploy.0 = Release|Any CPU
		{FB2444D7-D32D-4E30-B05B-6C75870843D4}.Ad-Hoc|x86.ActiveCfg = Release|Any CPU
		{FB2444D7-D32D-4E30-B05B-6C75870843D4}.Ad-Hoc|x86.Build.0 = Release|Any CPU
		{FB2444D7-D32D-4E30-B05B-6C75870843D4}.Ad-Hoc|x86.Deploy.0 = Release|Any CPU
		{FB2444D7-D32D-4E30-B05B-6C75870843D4}.AppStore|Any CPU.ActiveCfg = Release|Any CPU
		{FB2444D7-D32D-4E30-B05B-6C75870843D4}.AppStore|Any CPU.Build.0 = Release|Any CPU
		{FB2444D7-D32D-4E30-B05B-6C75870843D4}.AppStore|Any CPU.Deploy.0 = Release|Any CPU
		{FB2444D7-D32D-4E30-B05B-6C75870843D4}.AppStore|ARM.ActiveCfg = Release|Any CPU
		{FB2444D7-D32D-4E30-B05B-6C75870843D4}.AppStore|ARM.Build.0 = Release|Any CPU
		{FB2444D7-D32D-4E30-B05B-6C75870843D4}.AppStore|ARM.Deploy.0 = Release|Any CPU
		{FB2444D7-D32D-4E30-B05B-6C75870843D4}.AppStore|iPhone.ActiveCfg = Release|Any CPU
		{FB2444D7-D32D-4E30-B05B-6C75870843D4}.AppStore|iPhone.Build.0 = Release|Any CPU
		{FB2444D7-D32D-4E30-B05B-6C75870843D4}.AppStore|iPhone.Deploy.0 = Release|Any CPU
		{FB2444D7-D32D-4E30-B05B-6C75870843D4}.AppStore|iPhoneSimulator.ActiveCfg = Release|Any CPU
		{FB2444D7-D32D-4E30-B05B-6C75870843D4}.AppStore|iPhoneSimulator.Build.0 = Release|Any CPU
		{FB2444D7-D32D-4E30-B05B-6C75870843D4}.AppStore|iPhoneSimulator.Deploy.0 = Release|Any CPU
		{FB2444D7-D32D-4E30-B05B-6C75870843D4}.AppStore|x64.ActiveCfg = Release|Any CPU
		{FB2444D7-D32D-4E30-B05B-6C75870843D4}.AppStore|x64.Build.0 = Release|Any CPU
		{FB2444D7-D32D-4E30-B05B-6C75870843D4}.AppStore|x64.Deploy.0 = Release|Any CPU
		{FB2444D7-D32D-4E30-B05B-6C75870843D4}.AppStore|x86.ActiveCfg = Release|Any CPU
		{FB2444D7-D32D-4E30-B05B-6C75870843D4}.AppStore|x86.Build.0 = Release|Any CPU
		{FB2444D7-D32D-4E30-B05B-6C75870843D4}.AppStore|x86.Deploy.0 = Release|Any CPU
		{FB2444D7-D32D-4E30-B05B-6C75870843D4}.Debug|Any CPU.ActiveCfg = Debug|Any CPU
		{FB2444D7-D32D-4E30-B05B-6C75870843D4}.Debug|Any CPU.Build.0 = Debug|Any CPU
		{FB2444D7-D32D-4E30-B05B-6C75870843D4}.Debug|Any CPU.Deploy.0 = Debug|Any CPU
		{FB2444D7-D32D-4E30-B05B-6C75870843D4}.Debug|ARM.ActiveCfg = Debug|Any CPU
		{FB2444D7-D32D-4E30-B05B-6C75870843D4}.Debug|ARM.Build.0 = Debug|Any CPU
		{FB2444D7-D32D-4E30-B05B-6C75870843D4}.Debug|ARM.Deploy.0 = Debug|Any CPU
		{FB2444D7-D32D-4E30-B05B-6C75870843D4}.Debug|iPhone.ActiveCfg = Debug|Any CPU
		{FB2444D7-D32D-4E30-B05B-6C75870843D4}.Debug|iPhone.Build.0 = Debug|Any CPU
		{FB2444D7-D32D-4E30-B05B-6C75870843D4}.Debug|iPhone.Deploy.0 = Debug|Any CPU
		{FB2444D7-D32D-4E30-B05B-6C75870843D4}.Debug|iPhoneSimulator.ActiveCfg = Debug|Any CPU
		{FB2444D7-D32D-4E30-B05B-6C75870843D4}.Debug|iPhoneSimulator.Build.0 = Debug|Any CPU
		{FB2444D7-D32D-4E30-B05B-6C75870843D4}.Debug|iPhoneSimulator.Deploy.0 = Debug|Any CPU
		{FB2444D7-D32D-4E30-B05B-6C75870843D4}.Debug|x64.ActiveCfg = Debug|Any CPU
		{FB2444D7-D32D-4E30-B05B-6C75870843D4}.Debug|x64.Build.0 = Debug|Any CPU
		{FB2444D7-D32D-4E30-B05B-6C75870843D4}.Debug|x64.Deploy.0 = Debug|Any CPU
		{FB2444D7-D32D-4E30-B05B-6C75870843D4}.Debug|x86.ActiveCfg = Debug|Any CPU
		{FB2444D7-D32D-4E30-B05B-6C75870843D4}.Debug|x86.Build.0 = Debug|Any CPU
		{FB2444D7-D32D-4E30-B05B-6C75870843D4}.Debug|x86.Deploy.0 = Debug|Any CPU
		{FB2444D7-D32D-4E30-B05B-6C75870843D4}.Release|Any CPU.ActiveCfg = Release|Any CPU
		{FB2444D7-D32D-4E30-B05B-6C75870843D4}.Release|Any CPU.Build.0 = Release|Any CPU
		{FB2444D7-D32D-4E30-B05B-6C75870843D4}.Release|Any CPU.Deploy.0 = Release|Any CPU
		{FB2444D7-D32D-4E30-B05B-6C75870843D4}.Release|ARM.ActiveCfg = Release|Any CPU
		{FB2444D7-D32D-4E30-B05B-6C75870843D4}.Release|ARM.Build.0 = Release|Any CPU
		{FB2444D7-D32D-4E30-B05B-6C75870843D4}.Release|ARM.Deploy.0 = Release|Any CPU
		{FB2444D7-D32D-4E30-B05B-6C75870843D4}.Release|iPhone.ActiveCfg = Release|Any CPU
		{FB2444D7-D32D-4E30-B05B-6C75870843D4}.Release|iPhone.Build.0 = Release|Any CPU
		{FB2444D7-D32D-4E30-B05B-6C75870843D4}.Release|iPhone.Deploy.0 = Release|Any CPU
		{FB2444D7-D32D-4E30-B05B-6C75870843D4}.Release|iPhoneSimulator.ActiveCfg = Release|Any CPU
		{FB2444D7-D32D-4E30-B05B-6C75870843D4}.Release|iPhoneSimulator.Build.0 = Release|Any CPU
		{FB2444D7-D32D-4E30-B05B-6C75870843D4}.Release|iPhoneSimulator.Deploy.0 = Release|Any CPU
		{FB2444D7-D32D-4E30-B05B-6C75870843D4}.Release|x64.ActiveCfg = Release|Any CPU
		{FB2444D7-D32D-4E30-B05B-6C75870843D4}.Release|x64.Build.0 = Release|Any CPU
		{FB2444D7-D32D-4E30-B05B-6C75870843D4}.Release|x64.Deploy.0 = Release|Any CPU
		{FB2444D7-D32D-4E30-B05B-6C75870843D4}.Release|x86.ActiveCfg = Release|Any CPU
		{FB2444D7-D32D-4E30-B05B-6C75870843D4}.Release|x86.Build.0 = Release|Any CPU
		{FB2444D7-D32D-4E30-B05B-6C75870843D4}.Release|x86.Deploy.0 = Release|Any CPU
		{37534FE9-5CC8-4197-9906-5CB7D3EAC54D}.Ad-Hoc|Any CPU.ActiveCfg = Release|Any CPU
		{37534FE9-5CC8-4197-9906-5CB7D3EAC54D}.Ad-Hoc|Any CPU.Build.0 = Release|Any CPU
		{37534FE9-5CC8-4197-9906-5CB7D3EAC54D}.Ad-Hoc|ARM.ActiveCfg = Release|Any CPU
		{37534FE9-5CC8-4197-9906-5CB7D3EAC54D}.Ad-Hoc|ARM.Build.0 = Release|Any CPU
		{37534FE9-5CC8-4197-9906-5CB7D3EAC54D}.Ad-Hoc|iPhone.ActiveCfg = Release|Any CPU
		{37534FE9-5CC8-4197-9906-5CB7D3EAC54D}.Ad-Hoc|iPhone.Build.0 = Release|Any CPU
		{37534FE9-5CC8-4197-9906-5CB7D3EAC54D}.Ad-Hoc|iPhoneSimulator.ActiveCfg = Release|Any CPU
		{37534FE9-5CC8-4197-9906-5CB7D3EAC54D}.Ad-Hoc|iPhoneSimulator.Build.0 = Release|Any CPU
		{37534FE9-5CC8-4197-9906-5CB7D3EAC54D}.Ad-Hoc|x64.ActiveCfg = Release|Any CPU
		{37534FE9-5CC8-4197-9906-5CB7D3EAC54D}.Ad-Hoc|x64.Build.0 = Release|Any CPU
		{37534FE9-5CC8-4197-9906-5CB7D3EAC54D}.Ad-Hoc|x86.ActiveCfg = Release|Any CPU
		{37534FE9-5CC8-4197-9906-5CB7D3EAC54D}.Ad-Hoc|x86.Build.0 = Release|Any CPU
		{37534FE9-5CC8-4197-9906-5CB7D3EAC54D}.AppStore|Any CPU.ActiveCfg = Release|Any CPU
		{37534FE9-5CC8-4197-9906-5CB7D3EAC54D}.AppStore|Any CPU.Build.0 = Release|Any CPU
		{37534FE9-5CC8-4197-9906-5CB7D3EAC54D}.AppStore|ARM.ActiveCfg = Release|Any CPU
		{37534FE9-5CC8-4197-9906-5CB7D3EAC54D}.AppStore|ARM.Build.0 = Release|Any CPU
		{37534FE9-5CC8-4197-9906-5CB7D3EAC54D}.AppStore|iPhone.ActiveCfg = Release|Any CPU
		{37534FE9-5CC8-4197-9906-5CB7D3EAC54D}.AppStore|iPhone.Build.0 = Release|Any CPU
		{37534FE9-5CC8-4197-9906-5CB7D3EAC54D}.AppStore|iPhoneSimulator.ActiveCfg = Release|Any CPU
		{37534FE9-5CC8-4197-9906-5CB7D3EAC54D}.AppStore|iPhoneSimulator.Build.0 = Release|Any CPU
		{37534FE9-5CC8-4197-9906-5CB7D3EAC54D}.AppStore|x64.ActiveCfg = Release|Any CPU
		{37534FE9-5CC8-4197-9906-5CB7D3EAC54D}.AppStore|x64.Build.0 = Release|Any CPU
		{37534FE9-5CC8-4197-9906-5CB7D3EAC54D}.AppStore|x86.ActiveCfg = Release|Any CPU
		{37534FE9-5CC8-4197-9906-5CB7D3EAC54D}.AppStore|x86.Build.0 = Release|Any CPU
		{37534FE9-5CC8-4197-9906-5CB7D3EAC54D}.Debug|Any CPU.ActiveCfg = Debug|Any CPU
		{37534FE9-5CC8-4197-9906-5CB7D3EAC54D}.Debug|Any CPU.Build.0 = Debug|Any CPU
		{37534FE9-5CC8-4197-9906-5CB7D3EAC54D}.Debug|ARM.ActiveCfg = Debug|Any CPU
		{37534FE9-5CC8-4197-9906-5CB7D3EAC54D}.Debug|ARM.Build.0 = Debug|Any CPU
		{37534FE9-5CC8-4197-9906-5CB7D3EAC54D}.Debug|iPhone.ActiveCfg = Debug|Any CPU
		{37534FE9-5CC8-4197-9906-5CB7D3EAC54D}.Debug|iPhone.Build.0 = Debug|Any CPU
		{37534FE9-5CC8-4197-9906-5CB7D3EAC54D}.Debug|iPhoneSimulator.ActiveCfg = Debug|Any CPU
		{37534FE9-5CC8-4197-9906-5CB7D3EAC54D}.Debug|iPhoneSimulator.Build.0 = Debug|Any CPU
		{37534FE9-5CC8-4197-9906-5CB7D3EAC54D}.Debug|x64.ActiveCfg = Debug|Any CPU
		{37534FE9-5CC8-4197-9906-5CB7D3EAC54D}.Debug|x64.Build.0 = Debug|Any CPU
		{37534FE9-5CC8-4197-9906-5CB7D3EAC54D}.Debug|x86.ActiveCfg = Debug|Any CPU
		{37534FE9-5CC8-4197-9906-5CB7D3EAC54D}.Debug|x86.Build.0 = Debug|Any CPU
		{37534FE9-5CC8-4197-9906-5CB7D3EAC54D}.Release|Any CPU.ActiveCfg = Release|Any CPU
		{37534FE9-5CC8-4197-9906-5CB7D3EAC54D}.Release|Any CPU.Build.0 = Release|Any CPU
		{37534FE9-5CC8-4197-9906-5CB7D3EAC54D}.Release|ARM.ActiveCfg = Release|Any CPU
		{37534FE9-5CC8-4197-9906-5CB7D3EAC54D}.Release|ARM.Build.0 = Release|Any CPU
		{37534FE9-5CC8-4197-9906-5CB7D3EAC54D}.Release|iPhone.ActiveCfg = Release|Any CPU
		{37534FE9-5CC8-4197-9906-5CB7D3EAC54D}.Release|iPhone.Build.0 = Release|Any CPU
		{37534FE9-5CC8-4197-9906-5CB7D3EAC54D}.Release|iPhoneSimulator.ActiveCfg = Release|Any CPU
		{37534FE9-5CC8-4197-9906-5CB7D3EAC54D}.Release|iPhoneSimulator.Build.0 = Release|Any CPU
		{37534FE9-5CC8-4197-9906-5CB7D3EAC54D}.Release|x64.ActiveCfg = Release|Any CPU
		{37534FE9-5CC8-4197-9906-5CB7D3EAC54D}.Release|x64.Build.0 = Release|Any CPU
		{37534FE9-5CC8-4197-9906-5CB7D3EAC54D}.Release|x86.ActiveCfg = Release|Any CPU
		{37534FE9-5CC8-4197-9906-5CB7D3EAC54D}.Release|x86.Build.0 = Release|Any CPU
		{44DA89B4-A966-4ACC-BE5F-DE31D4E86464}.Ad-Hoc|Any CPU.ActiveCfg = Ad-Hoc|iPhone
		{44DA89B4-A966-4ACC-BE5F-DE31D4E86464}.Ad-Hoc|ARM.ActiveCfg = Ad-Hoc|iPhone
		{44DA89B4-A966-4ACC-BE5F-DE31D4E86464}.Ad-Hoc|iPhone.ActiveCfg = Ad-Hoc|iPhone
		{44DA89B4-A966-4ACC-BE5F-DE31D4E86464}.Ad-Hoc|iPhone.Build.0 = Ad-Hoc|iPhone
		{44DA89B4-A966-4ACC-BE5F-DE31D4E86464}.Ad-Hoc|iPhoneSimulator.ActiveCfg = Ad-Hoc|iPhoneSimulator
		{44DA89B4-A966-4ACC-BE5F-DE31D4E86464}.Ad-Hoc|iPhoneSimulator.Build.0 = Ad-Hoc|iPhoneSimulator
		{44DA89B4-A966-4ACC-BE5F-DE31D4E86464}.Ad-Hoc|x64.ActiveCfg = Ad-Hoc|iPhone
		{44DA89B4-A966-4ACC-BE5F-DE31D4E86464}.Ad-Hoc|x86.ActiveCfg = Ad-Hoc|iPhone
		{44DA89B4-A966-4ACC-BE5F-DE31D4E86464}.AppStore|Any CPU.ActiveCfg = AppStore|iPhone
		{44DA89B4-A966-4ACC-BE5F-DE31D4E86464}.AppStore|ARM.ActiveCfg = AppStore|iPhone
		{44DA89B4-A966-4ACC-BE5F-DE31D4E86464}.AppStore|iPhone.ActiveCfg = AppStore|iPhone
		{44DA89B4-A966-4ACC-BE5F-DE31D4E86464}.AppStore|iPhone.Build.0 = AppStore|iPhone
		{44DA89B4-A966-4ACC-BE5F-DE31D4E86464}.AppStore|iPhoneSimulator.ActiveCfg = AppStore|iPhoneSimulator
		{44DA89B4-A966-4ACC-BE5F-DE31D4E86464}.AppStore|iPhoneSimulator.Build.0 = AppStore|iPhoneSimulator
		{44DA89B4-A966-4ACC-BE5F-DE31D4E86464}.AppStore|x64.ActiveCfg = AppStore|iPhone
		{44DA89B4-A966-4ACC-BE5F-DE31D4E86464}.AppStore|x86.ActiveCfg = AppStore|iPhone
		{44DA89B4-A966-4ACC-BE5F-DE31D4E86464}.Debug|Any CPU.ActiveCfg = Debug|iPhone
		{44DA89B4-A966-4ACC-BE5F-DE31D4E86464}.Debug|ARM.ActiveCfg = Debug|iPhone
		{44DA89B4-A966-4ACC-BE5F-DE31D4E86464}.Debug|iPhone.ActiveCfg = Debug|iPhone
		{44DA89B4-A966-4ACC-BE5F-DE31D4E86464}.Debug|iPhone.Build.0 = Debug|iPhone
		{44DA89B4-A966-4ACC-BE5F-DE31D4E86464}.Debug|iPhoneSimulator.ActiveCfg = Debug|iPhoneSimulator
		{44DA89B4-A966-4ACC-BE5F-DE31D4E86464}.Debug|iPhoneSimulator.Build.0 = Debug|iPhoneSimulator
		{44DA89B4-A966-4ACC-BE5F-DE31D4E86464}.Debug|x64.ActiveCfg = Debug|iPhone
		{44DA89B4-A966-4ACC-BE5F-DE31D4E86464}.Debug|x86.ActiveCfg = Debug|iPhone
		{44DA89B4-A966-4ACC-BE5F-DE31D4E86464}.Release|Any CPU.ActiveCfg = Release|iPhone
		{44DA89B4-A966-4ACC-BE5F-DE31D4E86464}.Release|ARM.ActiveCfg = Release|iPhone
		{44DA89B4-A966-4ACC-BE5F-DE31D4E86464}.Release|iPhone.ActiveCfg = Release|iPhone
		{44DA89B4-A966-4ACC-BE5F-DE31D4E86464}.Release|iPhone.Build.0 = Release|iPhone
		{44DA89B4-A966-4ACC-BE5F-DE31D4E86464}.Release|iPhoneSimulator.ActiveCfg = Release|iPhoneSimulator
		{44DA89B4-A966-4ACC-BE5F-DE31D4E86464}.Release|iPhoneSimulator.Build.0 = Release|iPhoneSimulator
		{44DA89B4-A966-4ACC-BE5F-DE31D4E86464}.Release|x64.ActiveCfg = Release|iPhone
		{44DA89B4-A966-4ACC-BE5F-DE31D4E86464}.Release|x86.ActiveCfg = Release|iPhone
		{BB62546A-A9A1-45AF-B011-5C182F7CF840}.Ad-Hoc|Any CPU.ActiveCfg = Release|x64
		{BB62546A-A9A1-45AF-B011-5C182F7CF840}.Ad-Hoc|Any CPU.Build.0 = Release|x64
		{BB62546A-A9A1-45AF-B011-5C182F7CF840}.Ad-Hoc|Any CPU.Deploy.0 = Release|x64
		{BB62546A-A9A1-45AF-B011-5C182F7CF840}.Ad-Hoc|ARM.ActiveCfg = Release|ARM
		{BB62546A-A9A1-45AF-B011-5C182F7CF840}.Ad-Hoc|ARM.Build.0 = Release|ARM
		{BB62546A-A9A1-45AF-B011-5C182F7CF840}.Ad-Hoc|ARM.Deploy.0 = Release|ARM
		{BB62546A-A9A1-45AF-B011-5C182F7CF840}.Ad-Hoc|iPhone.ActiveCfg = Release|x64
		{BB62546A-A9A1-45AF-B011-5C182F7CF840}.Ad-Hoc|iPhone.Build.0 = Release|x64
		{BB62546A-A9A1-45AF-B011-5C182F7CF840}.Ad-Hoc|iPhone.Deploy.0 = Release|x64
		{BB62546A-A9A1-45AF-B011-5C182F7CF840}.Ad-Hoc|iPhoneSimulator.ActiveCfg = Release|x64
		{BB62546A-A9A1-45AF-B011-5C182F7CF840}.Ad-Hoc|iPhoneSimulator.Build.0 = Release|x64
		{BB62546A-A9A1-45AF-B011-5C182F7CF840}.Ad-Hoc|iPhoneSimulator.Deploy.0 = Release|x64
		{BB62546A-A9A1-45AF-B011-5C182F7CF840}.Ad-Hoc|x64.ActiveCfg = Release|x64
		{BB62546A-A9A1-45AF-B011-5C182F7CF840}.Ad-Hoc|x64.Build.0 = Release|x64
		{BB62546A-A9A1-45AF-B011-5C182F7CF840}.Ad-Hoc|x64.Deploy.0 = Release|x64
		{BB62546A-A9A1-45AF-B011-5C182F7CF840}.Ad-Hoc|x86.ActiveCfg = Release|x86
		{BB62546A-A9A1-45AF-B011-5C182F7CF840}.Ad-Hoc|x86.Build.0 = Release|x86
		{BB62546A-A9A1-45AF-B011-5C182F7CF840}.Ad-Hoc|x86.Deploy.0 = Release|x86
		{BB62546A-A9A1-45AF-B011-5C182F7CF840}.AppStore|Any CPU.ActiveCfg = Release|x64
		{BB62546A-A9A1-45AF-B011-5C182F7CF840}.AppStore|Any CPU.Build.0 = Release|x64
		{BB62546A-A9A1-45AF-B011-5C182F7CF840}.AppStore|Any CPU.Deploy.0 = Release|x64
		{BB62546A-A9A1-45AF-B011-5C182F7CF840}.AppStore|ARM.ActiveCfg = Release|ARM
		{BB62546A-A9A1-45AF-B011-5C182F7CF840}.AppStore|ARM.Build.0 = Release|ARM
		{BB62546A-A9A1-45AF-B011-5C182F7CF840}.AppStore|ARM.Deploy.0 = Release|ARM
		{BB62546A-A9A1-45AF-B011-5C182F7CF840}.AppStore|iPhone.ActiveCfg = Release|x64
		{BB62546A-A9A1-45AF-B011-5C182F7CF840}.AppStore|iPhone.Build.0 = Release|x64
		{BB62546A-A9A1-45AF-B011-5C182F7CF840}.AppStore|iPhone.Deploy.0 = Release|x64
		{BB62546A-A9A1-45AF-B011-5C182F7CF840}.AppStore|iPhoneSimulator.ActiveCfg = Release|x64
		{BB62546A-A9A1-45AF-B011-5C182F7CF840}.AppStore|iPhoneSimulator.Build.0 = Release|x64
		{BB62546A-A9A1-45AF-B011-5C182F7CF840}.AppStore|iPhoneSimulator.Deploy.0 = Release|x64
		{BB62546A-A9A1-45AF-B011-5C182F7CF840}.AppStore|x64.ActiveCfg = Release|x64
		{BB62546A-A9A1-45AF-B011-5C182F7CF840}.AppStore|x64.Build.0 = Release|x64
		{BB62546A-A9A1-45AF-B011-5C182F7CF840}.AppStore|x64.Deploy.0 = Release|x64
		{BB62546A-A9A1-45AF-B011-5C182F7CF840}.AppStore|x86.ActiveCfg = Release|x86
		{BB62546A-A9A1-45AF-B011-5C182F7CF840}.AppStore|x86.Build.0 = Release|x86
		{BB62546A-A9A1-45AF-B011-5C182F7CF840}.AppStore|x86.Deploy.0 = Release|x86
		{BB62546A-A9A1-45AF-B011-5C182F7CF840}.Debug|Any CPU.ActiveCfg = Debug|x86
		{BB62546A-A9A1-45AF-B011-5C182F7CF840}.Debug|ARM.ActiveCfg = Debug|ARM
		{BB62546A-A9A1-45AF-B011-5C182F7CF840}.Debug|ARM.Build.0 = Debug|ARM
		{BB62546A-A9A1-45AF-B011-5C182F7CF840}.Debug|ARM.Deploy.0 = Debug|ARM
		{BB62546A-A9A1-45AF-B011-5C182F7CF840}.Debug|iPhone.ActiveCfg = Debug|x86
		{BB62546A-A9A1-45AF-B011-5C182F7CF840}.Debug|iPhoneSimulator.ActiveCfg = Debug|x86
		{BB62546A-A9A1-45AF-B011-5C182F7CF840}.Debug|x64.ActiveCfg = Debug|x64
		{BB62546A-A9A1-45AF-B011-5C182F7CF840}.Debug|x64.Build.0 = Debug|x64
		{BB62546A-A9A1-45AF-B011-5C182F7CF840}.Debug|x64.Deploy.0 = Debug|x64
		{BB62546A-A9A1-45AF-B011-5C182F7CF840}.Debug|x86.ActiveCfg = Debug|x86
		{BB62546A-A9A1-45AF-B011-5C182F7CF840}.Debug|x86.Build.0 = Debug|x86
		{BB62546A-A9A1-45AF-B011-5C182F7CF840}.Debug|x86.Deploy.0 = Debug|x86
		{BB62546A-A9A1-45AF-B011-5C182F7CF840}.Release|Any CPU.ActiveCfg = Release|x86
		{BB62546A-A9A1-45AF-B011-5C182F7CF840}.Release|ARM.ActiveCfg = Release|ARM
		{BB62546A-A9A1-45AF-B011-5C182F7CF840}.Release|ARM.Build.0 = Release|ARM
		{BB62546A-A9A1-45AF-B011-5C182F7CF840}.Release|ARM.Deploy.0 = Release|ARM
		{BB62546A-A9A1-45AF-B011-5C182F7CF840}.Release|iPhone.ActiveCfg = Release|x86
		{BB62546A-A9A1-45AF-B011-5C182F7CF840}.Release|iPhoneSimulator.ActiveCfg = Release|x86
		{BB62546A-A9A1-45AF-B011-5C182F7CF840}.Release|x64.ActiveCfg = Release|x64
		{BB62546A-A9A1-45AF-B011-5C182F7CF840}.Release|x64.Build.0 = Release|x64
		{BB62546A-A9A1-45AF-B011-5C182F7CF840}.Release|x64.Deploy.0 = Release|x64
		{BB62546A-A9A1-45AF-B011-5C182F7CF840}.Release|x86.ActiveCfg = Release|x86
		{BB62546A-A9A1-45AF-B011-5C182F7CF840}.Release|x86.Build.0 = Release|x86
		{BB62546A-A9A1-45AF-B011-5C182F7CF840}.Release|x86.Deploy.0 = Release|x86
		{95413601-EBE2-44E1-ACBD-55861C7B1CAD}.Ad-Hoc|Any CPU.ActiveCfg = Release|Any CPU
		{95413601-EBE2-44E1-ACBD-55861C7B1CAD}.Ad-Hoc|Any CPU.Build.0 = Release|Any CPU
		{95413601-EBE2-44E1-ACBD-55861C7B1CAD}.Ad-Hoc|ARM.ActiveCfg = Release|Any CPU
		{95413601-EBE2-44E1-ACBD-55861C7B1CAD}.Ad-Hoc|ARM.Build.0 = Release|Any CPU
		{95413601-EBE2-44E1-ACBD-55861C7B1CAD}.Ad-Hoc|iPhone.ActiveCfg = Release|Any CPU
		{95413601-EBE2-44E1-ACBD-55861C7B1CAD}.Ad-Hoc|iPhone.Build.0 = Release|Any CPU
		{95413601-EBE2-44E1-ACBD-55861C7B1CAD}.Ad-Hoc|iPhoneSimulator.ActiveCfg = Release|Any CPU
		{95413601-EBE2-44E1-ACBD-55861C7B1CAD}.Ad-Hoc|iPhoneSimulator.Build.0 = Release|Any CPU
		{95413601-EBE2-44E1-ACBD-55861C7B1CAD}.Ad-Hoc|x64.ActiveCfg = Release|Any CPU
		{95413601-EBE2-44E1-ACBD-55861C7B1CAD}.Ad-Hoc|x64.Build.0 = Release|Any CPU
		{95413601-EBE2-44E1-ACBD-55861C7B1CAD}.Ad-Hoc|x86.ActiveCfg = Release|Any CPU
		{95413601-EBE2-44E1-ACBD-55861C7B1CAD}.Ad-Hoc|x86.Build.0 = Release|Any CPU
		{95413601-EBE2-44E1-ACBD-55861C7B1CAD}.AppStore|Any CPU.ActiveCfg = Release|Any CPU
		{95413601-EBE2-44E1-ACBD-55861C7B1CAD}.AppStore|Any CPU.Build.0 = Release|Any CPU
		{95413601-EBE2-44E1-ACBD-55861C7B1CAD}.AppStore|ARM.ActiveCfg = Release|Any CPU
		{95413601-EBE2-44E1-ACBD-55861C7B1CAD}.AppStore|ARM.Build.0 = Release|Any CPU
		{95413601-EBE2-44E1-ACBD-55861C7B1CAD}.AppStore|iPhone.ActiveCfg = Release|Any CPU
		{95413601-EBE2-44E1-ACBD-55861C7B1CAD}.AppStore|iPhone.Build.0 = Release|Any CPU
		{95413601-EBE2-44E1-ACBD-55861C7B1CAD}.AppStore|iPhoneSimulator.ActiveCfg = Release|Any CPU
		{95413601-EBE2-44E1-ACBD-55861C7B1CAD}.AppStore|iPhoneSimulator.Build.0 = Release|Any CPU
		{95413601-EBE2-44E1-ACBD-55861C7B1CAD}.AppStore|x64.ActiveCfg = Release|Any CPU
		{95413601-EBE2-44E1-ACBD-55861C7B1CAD}.AppStore|x64.Build.0 = Release|Any CPU
		{95413601-EBE2-44E1-ACBD-55861C7B1CAD}.AppStore|x86.ActiveCfg = Release|Any CPU
		{95413601-EBE2-44E1-ACBD-55861C7B1CAD}.AppStore|x86.Build.0 = Release|Any CPU
		{95413601-EBE2-44E1-ACBD-55861C7B1CAD}.Debug|Any CPU.ActiveCfg = Debug|Any CPU
		{95413601-EBE2-44E1-ACBD-55861C7B1CAD}.Debug|Any CPU.Build.0 = Debug|Any CPU
		{95413601-EBE2-44E1-ACBD-55861C7B1CAD}.Debug|ARM.ActiveCfg = Debug|Any CPU
		{95413601-EBE2-44E1-ACBD-55861C7B1CAD}.Debug|ARM.Build.0 = Debug|Any CPU
		{95413601-EBE2-44E1-ACBD-55861C7B1CAD}.Debug|iPhone.ActiveCfg = Debug|Any CPU
		{95413601-EBE2-44E1-ACBD-55861C7B1CAD}.Debug|iPhone.Build.0 = Debug|Any CPU
		{95413601-EBE2-44E1-ACBD-55861C7B1CAD}.Debug|iPhoneSimulator.ActiveCfg = Debug|Any CPU
		{95413601-EBE2-44E1-ACBD-55861C7B1CAD}.Debug|iPhoneSimulator.Build.0 = Debug|Any CPU
		{95413601-EBE2-44E1-ACBD-55861C7B1CAD}.Debug|x64.ActiveCfg = Debug|Any CPU
		{95413601-EBE2-44E1-ACBD-55861C7B1CAD}.Debug|x64.Build.0 = Debug|Any CPU
		{95413601-EBE2-44E1-ACBD-55861C7B1CAD}.Debug|x86.ActiveCfg = Debug|Any CPU
		{95413601-EBE2-44E1-ACBD-55861C7B1CAD}.Debug|x86.Build.0 = Debug|Any CPU
		{95413601-EBE2-44E1-ACBD-55861C7B1CAD}.Release|Any CPU.ActiveCfg = Release|Any CPU
		{95413601-EBE2-44E1-ACBD-55861C7B1CAD}.Release|Any CPU.Build.0 = Release|Any CPU
		{95413601-EBE2-44E1-ACBD-55861C7B1CAD}.Release|ARM.ActiveCfg = Release|Any CPU
		{95413601-EBE2-44E1-ACBD-55861C7B1CAD}.Release|ARM.Build.0 = Release|Any CPU
		{95413601-EBE2-44E1-ACBD-55861C7B1CAD}.Release|iPhone.ActiveCfg = Release|Any CPU
		{95413601-EBE2-44E1-ACBD-55861C7B1CAD}.Release|iPhone.Build.0 = Release|Any CPU
		{95413601-EBE2-44E1-ACBD-55861C7B1CAD}.Release|iPhoneSimulator.ActiveCfg = Release|Any CPU
		{95413601-EBE2-44E1-ACBD-55861C7B1CAD}.Release|iPhoneSimulator.Build.0 = Release|Any CPU
		{95413601-EBE2-44E1-ACBD-55861C7B1CAD}.Release|x64.ActiveCfg = Release|Any CPU
		{95413601-EBE2-44E1-ACBD-55861C7B1CAD}.Release|x64.Build.0 = Release|Any CPU
		{95413601-EBE2-44E1-ACBD-55861C7B1CAD}.Release|x86.ActiveCfg = Release|Any CPU
		{95413601-EBE2-44E1-ACBD-55861C7B1CAD}.Release|x86.Build.0 = Release|Any CPU
	EndGlobalSection
	GlobalSection(SolutionProperties) = preSolution
		HideSolutionNode = FALSE
	EndGlobalSection
EndGlobal
